
Microsoft Visual Studio Solution File, Format Version 12.00
# Visual Studio Version 16
VisualStudioVersion = 16.0.30011.22
MinimumVisualStudioVersion = 10.0.40219.1
Project("{9A19103F-16F7-4668-BE54-9A1E7A4F7556}") = "Konto", "Konto\Konto.csproj", "{7113C945-3142-4270-A8D9-9B7D0FC22AF6}"
EndProject
Global
	GlobalSection(SolutionConfigurationPlatforms) = preSolution
		Debug|Any CPU = Debug|Any CPU
		Release|Any CPU = Release|Any CPU
	EndGlobalSection
	GlobalSection(ProjectConfigurationPlatforms) = postSolution
		{7113C945-3142-4270-A8D9-9B7D0FC22AF6}.Debug|Any CPU.ActiveCfg = Debug|Any CPU
		{7113C945-3142-4270-A8D9-9B7D0FC22AF6}.Debug|Any CPU.Build.0 = Debug|Any CPU
		{7113C945-3142-4270-A8D9-9B7D0FC22AF6}.Release|Any CPU.ActiveCfg = Release|Any CPU
		{7113C945-3142-4270-A8D9-9B7D0FC22AF6}.Release|Any CPU.Build.0 = Release|Any CPU
	EndGlobalSection
	GlobalSection(SolutionProperties) = preSolution
		HideSolutionNode = FALSE
	EndGlobalSection
	GlobalSection(ExtensibilityGlobals) = postSolution
		SolutionGuid = {6986DDC5-7776-4AF7-ADF4-9A1E30A9DF3C}
	EndGlobalSection
EndGlobal
